<?xml version="1.0" encoding="utf-8"?>
<Project ToolsVersion="4.0" xmlns="http://schemas.microsoft.com/developer/msbuild/2003">
  <ItemGroup>
    <None Include="packages.config" />
  </ItemGroup>
  <ItemGroup>
    <Filter Include="Source Files">
      <UniqueIdentifier>{2953564e-d767-483e-bb1c-fb02c321d686}</UniqueIdentifier>
    </Filter>
    <Filter Include="Header Files">
      <UniqueIdentifier>{24f5fecf-9b16-43cf-a81c-c5cd3e3675cf}</UniqueIdentifier>
    </Filter>
  </ItemGroup>
  <ItemGroup>
    <ClCompile Include="wxc_test_driver.cpp">
      <Filter>Source Files</Filter>
    </ClCompile>
    <ClCompile Include="ProcessUtilities.cpp">
      <Filter>Source Files</Filter>
    </ClCompile>
  </ItemGroup>
  <ItemGroup>
    <ClInclude Include="ProcessUtilities.h">
      <Filter>Header Files</Filter>
    </ClInclude>
    <ClInclude Include="ResourceWrappers.h">
      <Filter>Header Files</Filter>
    </ClInclude>
  </ItemGroup>
</Project>