{
  "name": "mxc-integration-tests",
  "version": "0.0.0",
  "lockfileVersion": 3,
  "requires": true,
  "packages": {
    "": {
      "name": "mxc-integration-tests",
      "version": "0.0.0",
      "dependencies": {
        "@microsoft/mxc-sdk": "file:../../"
      },
      "devDependencies": {
        "@types/node": "^20.10.0",
        "@types/semver": "^7.7.1",
        "rimraf": "^6.1.3",
        "semver": "^7.7.4",
        "typescript": "^5.3.3"
      }
    },
    "node_modules/@koromix/koffi-android-arm64": {
      "version": "3.2.1",
      "resolved": "https://ms-feed-25.pkgs.visualstudio.com/1es-public/_packaging/npm-public/npm/registry/@koromix/koffi-android-arm64/-/koffi-android-arm64-3.2.1.tgz",
      "integrity": "sha1-Lc55jTZp0re1bpwCqKaidKvWx8Y=",
      "cpu": [
        "arm64"
      ],
      "license": "MIT",
      "optional": true,
      "os": [
        "android"
      ],
      "funding": {
        "url": "https://liberapay.com/Koromix"
      }
    },
    "node_modules/@koromix/koffi-android-x64": {
      "version": "3.2.1",
      "resolved": "https://ms-feed-25.pkgs.visualstudio.com/1es-public/_packaging/npm-public/npm/registry/@koromix/koffi-android-x64/-/koffi-android-x64-3.2.1.tgz",
      "integrity": "sha1-TQr8uvZgQjEKwbOs8sWMb/6XN0M=",
      "cpu": [
        "x64"
      ],
      "license": "MIT",
      "optional": true,
      "os": [
        "android"
      ],
      "funding": {
        "url": "https://liberapay.com/Koromix"
      }
    },
    "node_modules/@koromix/koffi-darwin-arm64": {
      "version": "3.2.1",
      "resolved": "https://ms-feed-25.pkgs.visualstudio.com/1es-public/_packaging/npm-public/npm/registry/@koromix/koffi-darwin-arm64/-/koffi-darwin-arm64-3.2.1.tgz",
      "integrity": "sha1-IP1RZvBGbrn1lplQbLeK8cUgfQk=",
      "cpu": [
        "arm64"
      ],
      "license": "MIT",
      "optional": true,
      "os": [
        "darwin"
      ],
      "funding": {
        "url": "https://liberapay.com/Koromix"
      }
    },
    "node_modules/@koromix/koffi-darwin-x64": {
      "version": "3.2.1",
      "resolved": "https://ms-feed-25.pkgs.visualstudio.com/1es-public/_packaging/npm-public/npm/registry/@koromix/koffi-darwin-x64/-/koffi-darwin-x64-3.2.1.tgz",
      "integrity": "sha1-A+TMtBoFV58aKcKB5IJiEzF89so=",
      "cpu": [
        "x64"
      ],
      "license": "MIT",
      "optional": true,
      "os": [
        "darwin"
      ],
      "funding": {
        "url": "https://liberapay.com/Koromix"
      }
    },
    "node_modules/@koromix/koffi-freebsd-arm64": {
      "version": "3.2.1",
      "resolved": "https://ms-feed-25.pkgs.visualstudio.com/1es-public/_packaging/npm-public/npm/registry/@koromix/koffi-freebsd-arm64/-/koffi-freebsd-arm64-3.2.1.tgz",
      "integrity": "sha1-0+Tp8iGTKchvN7woVoXriVpSgb0=",
      "cpu": [
        "arm64"
      ],
      "license": "MIT",
      "optional": true,
      "os": [
        "freebsd"
      ],
      "funding": {
        "url": "https://liberapay.com/Koromix"
      }
    },
    "node_modules/@koromix/koffi-freebsd-ia32": {
      "version": "3.2.1",
      "resolved": "https://ms-feed-25.pkgs.visualstudio.com/1es-public/_packaging/npm-public/npm/registry/@koromix/koffi-freebsd-ia32/-/koffi-freebsd-ia32-3.2.1.tgz",
      "integrity": "sha1-hphgO4/QJ8Hs9tw6rX303Bbv398=",
      "cpu": [
        "ia32"
      ],
      "license": "MIT",
      "optional": true,
      "os": [
        "freebsd"
      ],
      "funding": {
        "url": "https://liberapay.com/Koromix"
      }
    },
    "node_modules/@koromix/koffi-freebsd-x64": {
      "version": "3.2.1",
      "resolved": "https://ms-feed-25.pkgs.visualstudio.com/1es-public/_packaging/npm-public/npm/registry/@koromix/koffi-freebsd-x64/-/koffi-freebsd-x64-3.2.1.tgz",
      "integrity": "sha1-hROyr0V+Jtl+gNNPY8vwBjhzBYY=",
      "cpu": [
        "x64"
      ],
      "license": "MIT",
      "optional": true,
      "os": [
        "freebsd"
      ],
      "funding": {
        "url": "https://liberapay.com/Koromix"
      }
    },
    "node_modules/@koromix/koffi-linux-arm": {
      "version": "3.2.1",
      "resolved": "https://ms-feed-25.pkgs.visualstudio.com/1es-public/_packaging/npm-public/npm/registry/@koromix/koffi-linux-arm/-/koffi-linux-arm-3.2.1.tgz",
      "integrity": "sha1-U8kNnV+aiTlB862CivSHs3lejuE=",
      "cpu": [
        "arm"
      ],
      "license": "MIT",
      "optional": true,
      "os": [
        "linux"
      ],
      "funding": {
        "url": "https://liberapay.com/Koromix"
      }
    },
    "node_modules/@koromix/koffi-linux-arm64": {
      "version": "3.2.1",
      "resolved": "https://ms-feed-25.pkgs.visualstudio.com/1es-public/_packaging/npm-public/npm/registry/@koromix/koffi-linux-arm64/-/koffi-linux-arm64-3.2.1.tgz",
      "integrity": "sha1-ddSlPuDQYfoVnMG+eugLBNEAkg8=",
      "cpu": [
        "arm64"
      ],
      "license": "MIT",
      "optional": true,
      "os": [
        "linux"
      ],
      "funding": {
        "url": "https://liberapay.com/Koromix"
      }
    },
    "node_modules/@koromix/koffi-linux-ia32": {
      "version": "3.2.1",
      "resolved": "https://ms-feed-25.pkgs.visualstudio.com/1es-public/_packaging/npm-public/npm/registry/@koromix/koffi-linux-ia32/-/koffi-linux-ia32-3.2.1.tgz",
      "integrity": "sha1-TvuhuJjnO2GNIqngyfPp0R192rQ=",
      "cpu": [
        "ia32"
      ],
      "license": "MIT",
      "optional": true,
      "os": [
        "linux"
      ],
      "funding": {
        "url": "https://liberapay.com/Koromix"
      }
    },
    "node_modules/@koromix/koffi-linux-loong64": {
      "version": "3.2.1",
      "resolved": "https://ms-feed-25.pkgs.visualstudio.com/1es-public/_packaging/npm-public/npm/registry/@koromix/koffi-linux-loong64/-/koffi-linux-loong64-3.2.1.tgz",
      "integrity": "sha1-Kg2NCvf2bpXiVxEeX1TsIQjYs7g=",
      "cpu": [
        "loong64"
      ],
      "license": "MIT",
      "optional": true,
      "os": [
        "linux"
      ],
      "funding": {
        "url": "https://liberapay.com/Koromix"
      }
    },
    "node_modules/@koromix/koffi-linux-riscv64": {
      "version": "3.2.1",
      "resolved": "https://ms-feed-25.pkgs.visualstudio.com/1es-public/_packaging/npm-public/npm/registry/@koromix/koffi-linux-riscv64/-/koffi-linux-riscv64-3.2.1.tgz",
      "integrity": "sha1-1VWiDsNvfBkM8W/vEFWkKtkYPU0=",
      "cpu": [
        "riscv64"
      ],
      "license": "MIT",
      "optional": true,
      "os": [
        "linux"
      ],
      "funding": {
        "url": "https://liberapay.com/Koromix"
      }
    },
    "node_modules/@koromix/koffi-linux-x64": {
      "version": "3.2.1",
      "resolved": "https://ms-feed-25.pkgs.visualstudio.com/1es-public/_packaging/npm-public/npm/registry/@koromix/koffi-linux-x64/-/koffi-linux-x64-3.2.1.tgz",
      "integrity": "sha1-I3tGQNc4A+tny7pDe1Eu2HkzgD0=",
      "cpu": [
        "x64"
      ],
      "license": "MIT",
      "optional": true,
      "os": [
        "linux"
      ],
      "funding": {
        "url": "https://liberapay.com/Koromix"
      }
    },
    "node_modules/@koromix/koffi-openbsd-ia32": {
      "version": "3.2.1",
      "resolved": "https://ms-feed-25.pkgs.visualstudio.com/1es-public/_packaging/npm-public/npm/registry/@koromix/koffi-openbsd-ia32/-/koffi-openbsd-ia32-3.2.1.tgz",
      "integrity": "sha1-QzemOyiO/9HqwdOHbXlK4rfuPRg=",
      "cpu": [
        "ia32"
      ],
      "license": "MIT",
      "optional": true,
      "os": [
        "openbsd"
      ],
      "funding": {
        "url": "https://liberapay.com/Koromix"
      }
    },
    "node_modules/@koromix/koffi-openbsd-x64": {
      "version": "3.2.1",
      "resolved": "https://ms-feed-25.pkgs.visualstudio.com/1es-public/_packaging/npm-public/npm/registry/@koromix/koffi-openbsd-x64/-/koffi-openbsd-x64-3.2.1.tgz",
      "integrity": "sha1-xZycfkCVP/t+MvjY+8sZ/zio7wM=",
      "cpu": [
        "x64"
      ],
      "license": "MIT",
      "optional": true,
      "os": [
        "openbsd"
      ],
      "funding": {
        "url": "https://liberapay.com/Koromix"
      }
    },
    "node_modules/@koromix/koffi-win32-arm64": {
      "version": "3.2.1",
      "resolved": "https://ms-feed-25.pkgs.visualstudio.com/1es-public/_packaging/npm-public/npm/registry/@koromix/koffi-win32-arm64/-/koffi-win32-arm64-3.2.1.tgz",
      "integrity": "sha1-kVoYz1dHK16cbXFoE7w5mDekUU4=",
      "cpu": [
        "arm64"
      ],
      "license": "MIT",
      "optional": true,
      "os": [
        "win32"
      ],
      "funding": {
        "url": "https://liberapay.com/Koromix"
      }
    },
    "node_modules/@koromix/koffi-win32-ia32": {
      "version": "3.2.1",
      "resolved": "https://ms-feed-25.pkgs.visualstudio.com/1es-public/_packaging/npm-public/npm/registry/@koromix/koffi-win32-ia32/-/koffi-win32-ia32-3.2.1.tgz",
      "integrity": "sha1-n60joxMqlAcm//MI5bKXVRepoys=",
      "cpu": [
        "ia32"
      ],
      "license": "MIT",
      "optional": true,
      "os": [
        "win32"
      ],
      "funding": {
        "url": "https://liberapay.com/Koromix"
      }
    },
    "node_modules/@koromix/koffi-win32-x64": {
      "version": "3.2.1",
      "resolved": "https://ms-feed-25.pkgs.visualstudio.com/1es-public/_packaging/npm-public/npm/registry/@koromix/koffi-win32-x64/-/koffi-win32-x64-3.2.1.tgz",
      "integrity": "sha1-nTgKsOqLz7oW9P7aLJ6jYw/1Yg8=",
      "cpu": [
        "x64"
      ],
      "license": "MIT",
      "optional": true,
      "os": [
        "win32"
      ],
      "funding": {
        "url": "https://liberapay.com/Koromix"
      }
    },
    "node_modules/@microsoft/mxc-sdk": {
      "version": "0.8.0",
      "resolved": "file:../..",
      "license": "MIT",
      "dependencies": {
        "koffi": "^3.2.1",
        "semver": "^7.7.4"
      },
      "engines": {
        "node": ">=18.0.0"
      }
    },
    "node_modules/@types/node": {
      "version": "20.19.43",
      "resolved": "https://ms-feed-25.pkgs.visualstudio.com/1es-public/_packaging/npm-public/npm/registry/@types/node/-/node-20.19.43.tgz",
      "integrity": "sha1-/Oz1gLpCoNtVz0BMNyyXlzw3bJc=",
      "dev": true,
      "license": "MIT",
      "dependencies": {
        "undici-types": "~6.21.0"
      }
    },
    "node_modules/@types/semver": {
      "version": "7.8.0",
      "resolved": "https://ms-feed-25.pkgs.visualstudio.com/1es-public/_packaging/npm-public/npm/registry/@types/semver/-/semver-7.8.0.tgz",
      "integrity": "sha1-C/4+xR9elhW8MXF0zVuI6gi3/C8=",
      "dev": true,
      "license": "MIT"
    },
    "node_modules/balanced-match": {
      "version": "4.0.4",
      "resolved": "https://ms-feed-25.pkgs.visualstudio.com/1es-public/_packaging/npm-public/npm/registry/balanced-match/-/balanced-match-4.0.4.tgz",
      "integrity": "sha1-v7EGYv7tgZaixi58aOF3IMJ0F5o=",
      "dev": true,
      "license": "MIT",
      "engines": {
        "node": "18 || 20 || >=22"
      }
    },
    "node_modules/brace-expansion": {
      "version": "5.0.9",
      "resolved": "https://ms-feed-25.pkgs.visualstudio.com/1es-public/_packaging/npm-public/npm/registry/brace-expansion/-/brace-expansion-5.0.9.tgz",
      "integrity": "sha1-fHJDiAm1+lur9UGZofHCgaaYT88=",
      "dev": true,
      "license": "MIT",
      "dependencies": {
        "balanced-match": "^4.0.2"
      },
      "engines": {
        "node": "20 || >=22"
      }
    },
    "node_modules/glob": {
      "version": "13.0.6",
      "resolved": "https://ms-feed-25.pkgs.visualstudio.com/1es-public/_packaging/npm-public/npm/registry/glob/-/glob-13.0.6.tgz",
      "integrity": "sha1-B4ZmVmpCUUfMrPvS4zLetmor5x0=",
      "dev": true,
      "license": "BlueOak-1.0.0",
      "dependencies": {
        "minimatch": "^10.2.2",
        "minipass": "^7.1.3",
        "path-scurry": "^2.0.2"
      },
      "engines": {
        "node": "18 || 20 || >=22"
      },
      "funding": {
        "url": "https://github.com/sponsors/isaacs"
      }
    },
    "node_modules/koffi": {
      "version": "3.2.1",
      "resolved": "https://ms-feed-25.pkgs.visualstudio.com/1es-public/_packaging/npm-public/npm/registry/koffi/-/koffi-3.2.1.tgz",
      "integrity": "sha1-lPmhEdssUTzdchscXYwk2DjCziU=",
      "hasInstallScript": true,
      "license": "MIT",
      "funding": {
        "url": "https://liberapay.com/Koromix"
      },
      "optionalDependencies": {
        "@koromix/koffi-android-arm64": "3.2.1",
        "@koromix/koffi-android-x64": "3.2.1",
        "@koromix/koffi-darwin-arm64": "3.2.1",
        "@koromix/koffi-darwin-x64": "3.2.1",
        "@koromix/koffi-freebsd-arm64": "3.2.1",
        "@koromix/koffi-freebsd-ia32": "3.2.1",
        "@koromix/koffi-freebsd-x64": "3.2.1",
        "@koromix/koffi-linux-arm": "3.2.1",
        "@koromix/koffi-linux-arm64": "3.2.1",
        "@koromix/koffi-linux-ia32": "3.2.1",
        "@koromix/koffi-linux-loong64": "3.2.1",
        "@koromix/koffi-linux-riscv64": "3.2.1",
        "@koromix/koffi-linux-x64": "3.2.1",
        "@koromix/koffi-openbsd-ia32": "3.2.1",
        "@koromix/koffi-openbsd-x64": "3.2.1",
        "@koromix/koffi-win32-arm64": "3.2.1",
        "@koromix/koffi-win32-ia32": "3.2.1",
        "@koromix/koffi-win32-x64": "3.2.1"
      }
    },
    "node_modules/lru-cache": {
      "version": "11.5.2",
      "resolved": "https://ms-feed-25.pkgs.visualstudio.com/1es-public/_packaging/npm-public/npm/registry/lru-cache/-/lru-cache-11.5.2.tgz",
      "integrity": "sha1-AOFmZckMYg+6FKPDaHMql2ST92A=",
      "dev": true,
      "license": "BlueOak-1.0.0",
      "engines": {
        "node": "20 || >=22"
      }
    },
    "node_modules/minimatch": {
      "version": "10.2.6",
      "resolved": "https://ms-feed-25.pkgs.visualstudio.com/1es-public/_packaging/npm-public/npm/registry/minimatch/-/minimatch-10.2.6.tgz",
      "integrity": "sha1-/ZVrvgt3JB6fFaxdzLHGOAYJaO8=",
      "dev": true,
      "license": "BlueOak-1.0.0",
      "dependencies": {
        "brace-expansion": "^5.0.8"
      },
      "engines": {
        "node": "18 || 20 || >=22"
      },
      "funding": {
        "url": "https://github.com/sponsors/isaacs"
      }
    },
    "node_modules/minipass": {
      "version": "7.1.3",
      "resolved": "https://ms-feed-25.pkgs.visualstudio.com/1es-public/_packaging/npm-public/npm/registry/minipass/-/minipass-7.1.3.tgz",
      "integrity": "sha1-eTibTrG7LQA6m7qH1JLyvTe9xls=",
      "dev": true,
      "license": "BlueOak-1.0.0",
      "engines": {
        "node": ">=16 || 14 >=14.17"
      }
    },
    "node_modules/package-json-from-dist": {
      "version": "1.0.1",
      "resolved": "https://ms-feed-25.pkgs.visualstudio.com/1es-public/_packaging/npm-public/npm/registry/package-json-from-dist/-/package-json-from-dist-1.0.1.tgz",
      "integrity": "sha1-TxRxoBCCeob5TP2bByfjbSZ95QU=",
      "dev": true,
      "license": "BlueOak-1.0.0"
    },
    "node_modules/path-scurry": {
      "version": "2.0.2",
      "resolved": "https://ms-feed-25.pkgs.visualstudio.com/1es-public/_packaging/npm-public/npm/registry/path-scurry/-/path-scurry-2.0.2.tgz",
      "integrity": "sha1-a+DQ7gKhDZ4N56mLrmXhgskGH4U=",
      "dev": true,
      "license": "BlueOak-1.0.0",
      "dependencies": {
        "lru-cache": "^11.0.0",
        "minipass": "^7.1.2"
      },
      "engines": {
        "node": "18 || 20 || >=22"
      },
      "funding": {
        "url": "https://github.com/sponsors/isaacs"
      }
    },
    "node_modules/rimraf": {
      "version": "6.1.3",
      "resolved": "https://ms-feed-25.pkgs.visualstudio.com/1es-public/_packaging/npm-public/npm/registry/rimraf/-/rimraf-6.1.3.tgz",
      "integrity": "sha1-r77iNrO9K+Mx1OfORJO6wXGJga8=",
      "dev": true,
      "license": "BlueOak-1.0.0",
      "dependencies": {
        "glob": "^13.0.3",
        "package-json-from-dist": "^1.0.1"
      },
      "bin": {
        "rimraf": "dist/esm/bin.mjs"
      },
      "engines": {
        "node": "20 || >=22"
      },
      "funding": {
        "url": "https://github.com/sponsors/isaacs"
      }
    },
    "node_modules/semver": {
      "version": "7.8.5",
      "resolved": "https://ms-feed-25.pkgs.visualstudio.com/1es-public/_packaging/npm-public/npm/registry/semver/-/semver-7.8.5.tgz",
      "integrity": "sha1-ObZGA33VDBT7RR5+TKxY7YuGP2k=",
      "license": "ISC",
      "bin": {
        "semver": "bin/semver.js"
      },
      "engines": {
        "node": ">=10"
      }
    },
    "node_modules/typescript": {
      "version": "5.9.3",
      "resolved": "https://ms-feed-25.pkgs.visualstudio.com/1es-public/_packaging/npm-public/npm/registry/typescript/-/typescript-5.9.3.tgz",
      "integrity": "sha1-W09Z4VMQqxeiFvXWz1PuR27eZw8=",
      "dev": true,
      "license": "Apache-2.0",
      "bin": {
        "tsc": "bin/tsc",
        "tsserver": "bin/tsserver"
      },
      "engines": {
        "node": ">=14.17"
      }
    },
    "node_modules/undici-types": {
      "version": "6.21.0",
      "resolved": "https://ms-feed-25.pkgs.visualstudio.com/1es-public/_packaging/npm-public/npm/registry/undici-types/-/undici-types-6.21.0.tgz",
      "integrity": "sha1-aR0ArzkJvpOn+qE75hs6W1DvEss=",
      "dev": true,
      "license": "MIT"
    }
  }
}
