<?xml version="1.0" encoding="utf-8"?>
<Project ToolsVersion="4.0" xmlns="http://schemas.microsoft.com/developer/msbuild/2003">
  <ItemGroup>
    <ClCompile Include="AppContainerScriptRunner.cpp">
      <Filter>Source Files</Filter>
    </ClCompile>
    <ClCompile Include="ConfigurationParser.cpp">
      <Filter>Source Files</Filter>
    </ClCompile>
    <ClCompile Include="FileSystemBfsManager.cpp">
      <Filter>Source Files</Filter>
    </ClCompile>
    <ClCompile Include="NetworkFirewallManager.cpp">
      <Filter>Source Files</Filter>
    </ClCompile>
    <ClCompile Include="ProcessUtilities.cpp">
      <Filter>Source Files</Filter>
    </ClCompile>
    <ClCompile Include="pch.cpp">
      <Filter>Source Files</Filter>
    </ClCompile>
    <ClCompile Include="ScriptRequestValidator.cpp">
      <Filter>Source Files</Filter>
    </ClCompile>
    <ClCompile Include="ScriptRunner.cpp">
      <Filter>Source Files</Filter>
    </ClCompile>
    <ClCompile Include="StringUtil.cpp">
      <Filter>Source Files</Filter>
    </ClCompile>
  </ItemGroup>
  <ItemGroup>
    <ClInclude Include="framework.h">
      <Filter>Header Files</Filter>
    </ClInclude>
    <ClInclude Include="pch.h">
      <Filter>Header Files</Filter>
    </ClInclude>
    <ClInclude Include="include\AppContainerScriptRunner.h">
      <Filter>Header Files</Filter>
    </ClInclude>
    <ClInclude Include="include\CodexModels.h">
      <Filter>Header Files</Filter>
    </ClInclude>
    <ClInclude Include="include\ConfigurationParser.h">
      <Filter>Header Files</Filter>
    </ClInclude>
    <ClInclude Include="include\FileSystemBfsManager.h">
      <Filter>Header Files</Filter>
    </ClInclude>
    <ClInclude Include="include\ICommandBuilder.h">
      <Filter>Header Files</Filter>
    </ClInclude>
    <ClInclude Include="include\Logger.h">
      <Filter>Header Files</Filter>
    </ClInclude>
    <ClInclude Include="include\NetworkFirewallManager.h">
      <Filter>Header Files</Filter>
    </ClInclude>
    <ClInclude Include="include\ProcessUtilities.h">
      <Filter>Header Files</Filter>
    </ClInclude>
    <ClInclude Include="include\ResourceWrappers.h">
      <Filter>Header Files</Filter>
    </ClInclude>
    <ClInclude Include="include\ScriptRequestValidator.h">
      <Filter>Header Files</Filter>
    </ClInclude>
    <ClInclude Include="include\ScriptRunner.h">
      <Filter>Header Files</Filter>
    </ClInclude>
    <ClInclude Include="include\StringUtil.h">
      <Filter>Header Files</Filter>
    </ClInclude>
  </ItemGroup>
  <ItemGroup>
    <Filter Include="Source Files">
      <UniqueIdentifier>{4b71117a-d986-4b63-86d8-5774ccccb760}</UniqueIdentifier>
    </Filter>
    <Filter Include="Header Files">
      <UniqueIdentifier>{e55d84d6-894a-48c7-93f5-880fd0042aec}</UniqueIdentifier>
    </Filter>
  </ItemGroup>
</Project>